// !$*UTF8*$!
{
	archiveVersion = 1;
	classes = {
	};
	objectVersion = 56;
	objects = {

/* Begin PBXBuildFile section */
		8C6FDEAD2B04524A00B689B0 /* Runner.swift in Sources */ = {isa = PBXBuildFile; fileRef = 8C6FDEAC2B04524A00B689B0 /* Runner.swift */; };
		8C6FDEAF2B049E0100B689B0 /* Saver.swift in Sources */ = {isa = PBXBuildFile; fileRef = 8C6FDEAE2B049E0100B689B0 /* Saver.swift */; };
		8C870E222B03278A00140FFA /* EditorView.swift in Sources */ = {isa = PBXBuildFile; fileRef = 8C870E212B03278A00140FFA /* EditorView.swift */; };
		8C870E262B033CCB00140FFA /* CodeEditor in Frameworks */ = {isa = PBXBuildFile; productRef = 8C870E252B033CCB00140FFA /* CodeEditor */; };
		8C870E292B03644500140FFA /* PrefView.swift in Sources */ = {isa = PBXBuildFile; fileRef = 8C870E282B03644500140FFA /* PrefView.swift */; };
		8C870E2B2B0364CC00140FFA /* GeneralPrefView.swift in Sources */ = {isa = PBXBuildFile; fileRef = 8C870E2A2B0364CC00140FFA /* GeneralPrefView.swift */; };
		8CBA37C62B026C1000A9CE88 /* Code_PlaygroundsApp.swift in Sources */ = {isa = PBXBuildFile; fileRef = 8CBA37C52B026C1000A9CE88 /* Code_PlaygroundsApp.swift */; };
		8CBA37C82B026C1000A9CE88 /* ContentView.swift in Sources */ = {isa = PBXBuildFile; fileRef = 8CBA37C72B026C1000A9CE88 /* ContentView.swift */; };
		8CBA37CA2B026C1200A9CE88 /* Assets.xcassets in Resources */ = {isa = PBXBuildFile; fileRef = 8CBA37C92B026C1200A9CE88 /* Assets.xcassets */; };
		8CBA37CD2B026C1200A9CE88 /* Preview Assets.xcassets in Resources */ = {isa = PBXBuildFile; fileRef = 8CBA37CC2B026C1200A9CE88 /* Preview Assets.xcassets */; };
		8CBA37D82B026C1200A9CE88 /* Code_PlaygroundsTests.swift in Sources */ = {isa = PBXBuildFile; fileRef = 8CBA37D72B026C1200A9CE88 /* Code_PlaygroundsTests.swift */; };
		8CBA37E22B026C1200A9CE88 /* Code_PlaygroundsUITests.swift in Sources */ = {isa = PBXBuildFile; fileRef = 8CBA37E12B026C1200A9CE88 /* Code_PlaygroundsUITests.swift */; };
		8CBA37E42B026C1200A9CE88 /* Code_PlaygroundsUITestsLaunchTests.swift in Sources */ = {isa = PBXBuildFile; fileRef = 8CBA37E32B026C1200A9CE88 /* Code_PlaygroundsUITestsLaunchTests.swift */; };
/* End PBXBuildFile section */

/* Begin PBXContainerItemProxy section */
		8CBA37D42B026C1200A9CE88 /* PBXContainerItemProxy */ = {
			isa = PBXContainerItemProxy;
			containerPortal = 8CBA37BA2B026C1000A9CE88 /* Project object */;
			proxyType = 1;
			remoteGlobalIDString = 8CBA37C12B026C1000A9CE88;
			remoteInfo = "Code Playgrounds";
		};
		8CBA37DE2B026C1200A9CE88 /* PBXContainerItemProxy */ = {
			isa = PBXContainerItemProxy;
			containerPortal = 8CBA37BA2B026C1000A9CE88 /* Project object */;
			proxyType = 1;
			remoteGlobalIDString = 8CBA37C12B026C1000A9CE88;
			remoteInfo = "Code Playgrounds";
		};
/* End PBXContainerItemProxy section */

/* Begin PBXFileReference section */
		8C3B66552B0F7871006F314F /* README.md */ = {isa = PBXFileReference; lastKnownFileType = net.daringfireball.markdown; path = README.md; sourceTree = "<group>"; };
		8C6FDEAC2B04524A00B689B0 /* Runner.swift */ = {isa = PBXFileReference; lastKnownFileType = sourcecode.swift; path = Runner.swift; sourceTree = "<group>"; };
		8C6FDEAE2B049E0100B689B0 /* Saver.swift */ = {isa = PBXFileReference; lastKnownFileType = sourcecode.swift; path = Saver.swift; sourceTree = "<group>"; };
		8C870E212B03278A00140FFA /* EditorView.swift */ = {isa = PBXFileReference; lastKnownFileType = sourcecode.swift; path = EditorView.swift; sourceTree = "<group>"; };
		8C870E282B03644500140FFA /* PrefView.swift */ = {isa = PBXFileReference; lastKnownFileType = sourcecode.swift; path = PrefView.swift; sourceTree = "<group>"; };
		8C870E2A2B0364CC00140FFA /* GeneralPrefView.swift */ = {isa = PBXFileReference; lastKnownFileType = sourcecode.swift; path = GeneralPrefView.swift; sourceTree = "<group>"; };
		8CBA37C22B026C1000A9CE88 /* Code Playgrounds.app */ = {isa = PBXFileReference; explicitFileType = wrapper.application; includeInIndex = 0; path = "Code Playgrounds.app"; sourceTree = BUILT_PRODUCTS_DIR; };
		8CBA37C52B026C1000A9CE88 /* Code_PlaygroundsApp.swift */ = {isa = PBXFileReference; indentWidth = 5; lastKnownFileType = sourcecode.swift; path = Code_PlaygroundsApp.swift; sourceTree = "<group>"; tabWidth = 5; usesTabs = 1; };
		8CBA37C72B026C1000A9CE88 /* ContentView.swift */ = {isa = PBXFileReference; lastKnownFileType = sourcecode.swift; path = ContentView.swift; sourceTree = "<group>"; };
		8CBA37C92B026C1200A9CE88 /* Assets.xcassets */ = {isa = PBXFileReference; lastKnownFileType = folder.assetcatalog; path = Assets.xcassets; sourceTree = "<group>"; };
		8CBA37CC2B026C1200A9CE88 /* Preview Assets.xcassets */ = {isa = PBXFileReference; lastKnownFileType = folder.assetcatalog; path = "Preview Assets.xcassets"; sourceTree = "<group>"; };
		8CBA37CE2B026C1200A9CE88 /* Code_Playgrounds.entitlements */ = {isa = PBXFileReference; lastKnownFileType = text.plist.entitlements; path = Code_Playgrounds.entitlements; sourceTree = "<group>"; };
		8CBA37D32B026C1200A9CE88 /* Code PlaygroundsTests.xctest */ = {isa = PBXFileReference; explicitFileType = wrapper.cfbundle; includeInIndex = 0; path = "Code PlaygroundsTests.xctest"; sourceTree = BUILT_PRODUCTS_DIR; };
		8CBA37D72B026C1200A9CE88 /* Code_PlaygroundsTests.swift */ = {isa = PBXFileReference; lastKnownFileType = sourcecode.swift; path = Code_PlaygroundsTests.swift; sourceTree = "<group>"; };
		8CBA37DD2B026C1200A9CE88 /* Code PlaygroundsUITests.xctest */ = {isa = PBXFileReference; explicitFileType = wrapper.cfbundle; includeInIndex = 0; path = "Code PlaygroundsUITests.xctest"; sourceTree = BUILT_PRODUCTS_DIR; };
		8CBA37E12B026C1200A9CE88 /* Code_PlaygroundsUITests.swift */ = {isa = PBXFileReference; lastKnownFileType = sourcecode.swift; path = Code_PlaygroundsUITests.swift; sourceTree = "<group>"; };
		8CBA37E32B026C1200A9CE88 /* Code_PlaygroundsUITestsLaunchTests.swift */ = {isa = PBXFileReference; lastKnownFileType = sourcecode.swift; path = Code_PlaygroundsUITestsLaunchTests.swift; sourceTree = "<group>"; };
/* End PBXFileReference section */

/* Begin PBXFrameworksBuildPhase section */
		8CBA37BF2B026C1000A9CE88 /* Frameworks */ = {
			isa = PBXFrameworksBuildPhase;
			buildActionMask = 2147483647;
			files = (
				8C870E262B033CCB00140FFA /* CodeEditor in Frameworks */,
			);
			runOnlyForDeploymentPostprocessing = 0;
		};
		8CBA37D02B026C1200A9CE88 /* Frameworks */ = {
			isa = PBXFrameworksBuildPhase;
			buildActionMask = 2147483647;
			files = (
			);
			runOnlyForDeploymentPostprocessing = 0;
		};
		8CBA37DA2B026C1200A9CE88 /* Frameworks */ = {
			isa = PBXFrameworksBuildPhase;
			buildActionMask = 2147483647;
			files = (
			);
			runOnlyForDeploymentPostprocessing = 0;
		};
/* End PBXFrameworksBuildPhase section */

/* Begin PBXGroup section */
		8C6FDEAB2B04523B00B689B0 /* CommandRunner */ = {
			isa = PBXGroup;
			children = (
				8C6FDEAC2B04524A00B689B0 /* Runner.swift */,
				8C6FDEAE2B049E0100B689B0 /* Saver.swift */,
			);
			path = CommandRunner;
			sourceTree = "<group>";
		};
		8C870E202B03277700140FFA /* EditorView */ = {
			isa = PBXGroup;
			children = (
				8C870E212B03278A00140FFA /* EditorView.swift */,
			);
			path = EditorView;
			sourceTree = "<group>";
		};
		8C870E272B03643000140FFA /* Preferences */ = {
			isa = PBXGroup;
			children = (
				8C870E282B03644500140FFA /* PrefView.swift */,
				8C870E2A2B0364CC00140FFA /* GeneralPrefView.swift */,
			);
			path = Preferences;
			sourceTree = "<group>";
		};
		8CBA37B92B026C1000A9CE88 = {
			isa = PBXGroup;
			children = (
				8C3B66552B0F7871006F314F /* README.md */,
				8CBA37C42B026C1000A9CE88 /* Code Playgrounds */,
				8CBA37D62B026C1200A9CE88 /* Code PlaygroundsTests */,
				8CBA37E02B026C1200A9CE88 /* Code PlaygroundsUITests */,
				8CBA37C32B026C1000A9CE88 /* Products */,
			);
			sourceTree = "<group>";
		};
		8CBA37C32B026C1000A9CE88 /* Products */ = {
			isa = PBXGroup;
			children = (
				8CBA37C22B026C1000A9CE88 /* Code Playgrounds.app */,
				8CBA37D32B026C1200A9CE88 /* Code PlaygroundsTests.xctest */,
				8CBA37DD2B026C1200A9CE88 /* Code PlaygroundsUITests.xctest */,
			);
			name = Products;
			sourceTree = "<group>";
		};
		8CBA37C42B026C1000A9CE88 /* Code Playgrounds */ = {
			isa = PBXGroup;
			children = (
				8C6FDEAB2B04523B00B689B0 /* CommandRunner */,
				8C870E272B03643000140FFA /* Preferences */,
				8C870E202B03277700140FFA /* EditorView */,
				8CBA37C52B026C1000A9CE88 /* Code_PlaygroundsApp.swift */,
				8CBA37C72B026C1000A9CE88 /* ContentView.swift */,
				8CBA37C92B026C1200A9CE88 /* Assets.xcassets */,
				8CBA37CE2B026C1200A9CE88 /* Code_Playgrounds.entitlements */,
				8CBA37CB2B026C1200A9CE88 /* Preview Content */,
			);
			path = "Code Playgrounds";
			sourceTree = "<group>";
		};
		8CBA37CB2B026C1200A9CE88 /* Preview Content */ = {
			isa = PBXGroup;
			children = (
				8CBA37CC2B026C1200A9CE88 /* Preview Assets.xcassets */,
			);
			path = "Preview Content";
			sourceTree = "<group>";
		};
		8CBA37D62B026C1200A9CE88 /* Code PlaygroundsTests */ = {
			isa = PBXGroup;
			children = (
				8CBA37D72B026C1200A9CE88 /* Code_PlaygroundsTests.swift */,
			);
			path = "Code PlaygroundsTests";
			sourceTree = "<group>";
		};
		8CBA37E02B026C1200A9CE88 /* Code PlaygroundsUITests */ = {
			isa = PBXGroup;
			children = (
				8CBA37E12B026C1200A9CE88 /* Code_PlaygroundsUITests.swift */,
				8CBA37E32B026C1200A9CE88 /* Code_PlaygroundsUITestsLaunchTests.swift */,
			);
			path = "Code PlaygroundsUITests";
			sourceTree = "<group>";
		};
/* End PBXGroup section */

/* Begin PBXNativeTarget section */
		8CBA37C12B026C1000A9CE88 /* Code Playgrounds */ = {
			isa = PBXNativeTarget;
			buildConfigurationList = 8CBA37E72B026C1200A9CE88 /* Build configuration list for PBXNativeTarget "Code Playgrounds" */;
			buildPhases = (
				8CBA37BE2B026C1000A9CE88 /* Sources */,
				8CBA37BF2B026C1000A9CE88 /* Frameworks */,
				8CBA37C02B026C1000A9CE88 /* Resources */,
			);
			buildRules = (
			);
			dependencies = (
			);
			name = "Code Playgrounds";
			packageProductDependencies = (
				8C870E252B033CCB00140FFA /* CodeEditor */,
			);
			productName = "Code Playgrounds";
			productReference = 8CBA37C22B026C1000A9CE88 /* Code Playgrounds.app */;
			productType = "com.apple.product-type.application";
		};
		8CBA37D22B026C1200A9CE88 /* Code PlaygroundsTests */ = {
			isa = PBXNativeTarget;
			buildConfigurationList = 8CBA37EA2B026C1200A9CE88 /* Build configuration list for PBXNativeTarget "Code PlaygroundsTests" */;
			buildPhases = (
				8CBA37CF2B026C1200A9CE88 /* Sources */,
				8CBA37D02B026C1200A9CE88 /* Frameworks */,
				8CBA37D12B026C1200A9CE88 /* Resources */,
			);
			buildRules = (
			);
			dependencies = (
				8CBA37D52B026C1200A9CE88 /* PBXTargetDependency */,
			);
			name = "Code PlaygroundsTests";
			productName = "Code PlaygroundsTests";
			productReference = 8CBA37D32B026C1200A9CE88 /* Code PlaygroundsTests.xctest */;
			productType = "com.apple.product-type.bundle.unit-test";
		};
		8CBA37DC2B026C1200A9CE88 /* Code PlaygroundsUITests */ = {
			isa = PBXNativeTarget;
			buildConfigurationList = 8CBA37ED2B026C1200A9CE88 /* Build configuration list for PBXNativeTarget "Code PlaygroundsUITests" */;
			buildPhases = (
				8CBA37D92B026C1200A9CE88 /* Sources */,
				8CBA37DA2B026C1200A9CE88 /* Frameworks */,
				8CBA37DB2B026C1200A9CE88 /* Resources */,
			);
			buildRules = (
			);
			dependencies = (
				8CBA37DF2B026C1200A9CE88 /* PBXTargetDependency */,
			);
			name = "Code PlaygroundsUITests";
			productName = "Code PlaygroundsUITests";
			productReference = 8CBA37DD2B026C1200A9CE88 /* Code PlaygroundsUITests.xctest */;
			productType = "com.apple.product-type.bundle.ui-testing";
		};
/* End PBXNativeTarget section */

/* Begin PBXProject section */
		8CBA37BA2B026C1000A9CE88 /* Project object */ = {
			isa = PBXProject;
			attributes = {
				BuildIndependentTargetsInParallel = 1;
				KnownAssetTags = (
					New,
				);
				LastSwiftUpdateCheck = 1500;
				LastUpgradeCheck = 1500;
				TargetAttributes = {
					8CBA37C12B026C1000A9CE88 = {
						CreatedOnToolsVersion = 15.0.1;
					};
					8CBA37D22B026C1200A9CE88 = {
						CreatedOnToolsVersion = 15.0.1;
						TestTargetID = 8CBA37C12B026C1000A9CE88;
					};
					8CBA37DC2B026C1200A9CE88 = {
						CreatedOnToolsVersion = 15.0.1;
						TestTargetID = 8CBA37C12B026C1000A9CE88;
					};
				};
			};
			buildConfigurationList = 8CBA37BD2B026C1000A9CE88 /* Build configuration list for PBXProject "Code Playgrounds" */;
			compatibilityVersion = "Xcode 14.0";
			developmentRegion = en;
			hasScannedForEncodings = 0;
			knownRegions = (
				en,
				Base,
			);
			mainGroup = 8CBA37B92B026C1000A9CE88;
			packageReferences = (
				8C870E242B033CCA00140FFA /* XCRemoteSwiftPackageReference "CodeEditor" */,
			);
			productRefGroup = 8CBA37C32B026C1000A9CE88 /* Products */;
			projectDirPath = "";
			projectRoot = "";
			targets = (
				8CBA37C12B026C1000A9CE88 /* Code Playgrounds */,
				8CBA37D22B026C1200A9CE88 /* Code PlaygroundsTests */,
				8CBA37DC2B026C1200A9CE88 /* Code PlaygroundsUITests */,
			);
		};
/* End PBXProject section */

/* Begin PBXResourcesBuildPhase section */
		8CBA37C02B026C1000A9CE88 /* Resources */ = {
			isa = PBXResourcesBuildPhase;
			buildActionMask = 2147483647;
			files = (
				8CBA37CD2B026C1200A9CE88 /* Preview Assets.xcassets in Resources */,
				8CBA37CA2B026C1200A9CE88 /* Assets.xcassets in Resources */,
			);
			runOnlyForDeploymentPostprocessing = 0;
		};
		8CBA37D12B026C1200A9CE88 /* Resources */ = {
			isa = PBXResourcesBuildPhase;
			buildActionMask = 2147483647;
			files = (
			);
			runOnlyForDeploymentPostprocessing = 0;
		};
		8CBA37DB2B026C1200A9CE88 /* Resources */ = {
			isa = PBXResourcesBuildPhase;
			buildActionMask = 2147483647;
			files = (
			);
			runOnlyForDeploymentPostprocessing = 0;
		};
/* End PBXResourcesBuildPhase section */

/* Begin PBXSourcesBuildPhase section */
		8CBA37BE2B026C1000A9CE88 /* Sources */ = {
			isa = PBXSourcesBuildPhase;
			buildActionMask = 2147483647;
			files = (
				8CBA37C82B026C1000A9CE88 /* ContentView.swift in Sources */,
				8C6FDEAD2B04524A00B689B0 /* Runner.swift in Sources */,
				8C870E222B03278A00140FFA /* EditorView.swift in Sources */,
				8C870E292B03644500140FFA /* PrefView.swift in Sources */,
				8CBA37C62B026C1000A9CE88 /* Code_PlaygroundsApp.swift in Sources */,
				8C6FDEAF2B049E0100B689B0 /* Saver.swift in Sources */,
				8C870E2B2B0364CC00140FFA /* GeneralPrefView.swift in Sources */,
			);
			runOnlyForDeploymentPostprocessing = 0;
		};
		8CBA37CF2B026C1200A9CE88 /* Sources */ = {
			isa = PBXSourcesBuildPhase;
			buildActionMask = 2147483647;
			files = (
				8CBA37D82B026C1200A9CE88 /* Code_PlaygroundsTests.swift in Sources */,
			);
			runOnlyForDeploymentPostprocessing = 0;
		};
		8CBA37D92B026C1200A9CE88 /* Sources */ = {
			isa = PBXSourcesBuildPhase;
			buildActionMask = 2147483647;
			files = (
				8CBA37E42B026C1200A9CE88 /* Code_PlaygroundsUITestsLaunchTests.swift in Sources */,
				8CBA37E22B026C1200A9CE88 /* Code_PlaygroundsUITests.swift in Sources */,
			);
			runOnlyForDeploymentPostprocessing = 0;
		};
/* End PBXSourcesBuildPhase section */

/* Begin PBXTargetDependency section */
		8CBA37D52B026C1200A9CE88 /* PBXTargetDependency */ = {
			isa = PBXTargetDependency;
			target = 8CBA37C12B026C1000A9CE88 /* Code Playgrounds */;
			targetProxy = 8CBA37D42B026C1200A9CE88 /* PBXContainerItemProxy */;
		};
		8CBA37DF2B026C1200A9CE88 /* PBXTargetDependency */ = {
			isa = PBXTargetDependency;
			target = 8CBA37C12B026C1000A9CE88 /* Code Playgrounds */;
			targetProxy = 8CBA37DE2B026C1200A9CE88 /* PBXContainerItemProxy */;
		};
/* End PBXTargetDependency section */

/* Begin XCBuildConfiguration section */
		8CBA37E52B026C1200A9CE88 /* Debug */ = {
			isa = XCBuildConfiguration;
			buildSettings = {
				ALWAYS_SEARCH_USER_PATHS = NO;
				ASSETCATALOG_COMPILER_GENERATE_SWIFT_ASSET_SYMBOL_EXTENSIONS = YES;
				CLANG_ANALYZER_NONNULL = YES;
				CLANG_ANALYZER_NUMBER_OBJECT_CONVERSION = YES_AGGRESSIVE;
				CLANG_CXX_LANGUAGE_STANDARD = "gnu++20";
				CLANG_ENABLE_MODULES = YES;
				CLANG_ENABLE_OBJC_ARC = YES;
				CLANG_ENABLE_OBJC_WEAK = YES;
				CLANG_WARN_BLOCK_CAPTURE_AUTORELEASING = YES;
				CLANG_WARN_BOOL_CONVERSION = YES;
				CLANG_WARN_COMMA = YES;
				CLANG_WARN_CONSTANT_CONVERSION = YES;
				CLANG_WARN_DEPRECATED_OBJC_IMPLEMENTATIONS = YES;
				CLANG_WARN_DIRECT_OBJC_ISA_USAGE = YES_ERROR;
				CLANG_WARN_DOCUMENTATION_COMMENTS = YES;
				CLANG_WARN_EMPTY_BODY = YES;
				CLANG_WARN_ENUM_CONVERSION = YES;
				CLANG_WARN_INFINITE_RECURSION = YES;
				CLANG_WARN_INT_CONVERSION = YES;
				CLANG_WARN_NON_LITERAL_NULL_CONVERSION = YES;
				CLANG_WARN_OBJC_IMPLICIT_RETAIN_SELF = YES;
				CLANG_WARN_OBJC_LITERAL_CONVERSION = YES;
				CLANG_WARN_OBJC_ROOT_CLASS = YES_ERROR;
				CLANG_WARN_QUOTED_INCLUDE_IN_FRAMEWORK_HEADER = YES;
				CLANG_WARN_RANGE_LOOP_ANALYSIS = YES;
				CLANG_WARN_STRICT_PROTOTYPES = YES;
				CLANG_WARN_SUSPICIOUS_MOVE = YES;
				CLANG_WARN_UNGUARDED_AVAILABILITY = YES_AGGRESSIVE;
				CLANG_WARN_UNREACHABLE_CODE = YES;
				CLANG_WARN__DUPLICATE_METHOD_MATCH = YES;
				COPY_PHASE_STRIP = NO;
				DEBUG_INFORMATION_FORMAT = dwarf;
				ENABLE_STRICT_OBJC_MSGSEND = YES;
				ENABLE_TESTABILITY = YES;
				ENABLE_USER_SCRIPT_SANDBOXING = YES;
				GCC_C_LANGUAGE_STANDARD = gnu17;
				GCC_DYNAMIC_NO_PIC = NO;
				GCC_NO_COMMON_BLOCKS = YES;
				GCC_OPTIMIZATION_LEVEL = 0;
				GCC_PREPROCESSOR_DEFINITIONS = (
					"DEBUG=1",
					"$(inherited)",
				);
				GCC_WARN_64_TO_32_BIT_CONVERSION = YES;
				GCC_WARN_ABOUT_RETURN_TYPE = YES_ERROR;
				GCC_WARN_UNDECLARED_SELECTOR = YES;
				GCC_WARN_UNINITIALIZED_AUTOS = YES_AGGRESSIVE;
				GCC_WARN_UNUSED_FUNCTION = YES;
				GCC_WARN_UNUSED_VARIABLE = YES;
				LOCALIZATION_PREFERS_STRING_CATALOGS = YES;
				MACOSX_DEPLOYMENT_TARGET = 14.0;
				MTL_ENABLE_DEBUG_INFO = INCLUDE_SOURCE;
				MTL_FAST_MATH = YES;
				ONLY_ACTIVE_ARCH = YES;
				SDKROOT = macosx;
				SWIFT_ACTIVE_COMPILATION_CONDITIONS = "DEBUG $(inherited)";
				SWIFT_OPTIMIZATION_LEVEL = "-Onone";
			};
			name = Debug;
		};
		8CBA37E62B026C1200A9CE88 /* Release */ = {
			isa = XCBuildConfiguration;
			buildSettings = {
				ALWAYS_SEARCH_USER_PATHS = NO;
				ASSETCATALOG_COMPILER_GENERATE_SWIFT_ASSET_SYMBOL_EXTENSIONS = YES;
				CLANG_ANALYZER_NONNULL = YES;
				CLANG_ANALYZER_NUMBER_OBJECT_CONVERSION = YES_AGGRESSIVE;
				CLANG_CXX_LANGUAGE_STANDARD = "gnu++20";
				CLANG_ENABLE_MODULES = YES;
				CLANG_ENABLE_OBJC_ARC = YES;
				CLANG_ENABLE_OBJC_WEAK = YES;
				CLANG_WARN_BLOCK_CAPTURE_AUTORELEASING = YES;
				CLANG_WARN_BOOL_CONVERSION = YES;
				CLANG_WARN_COMMA = YES;
				CLANG_WARN_CONSTANT_CONVERSION = YES;
				CLANG_WARN_DEPRECATED_OBJC_IMPLEMENTATIONS = YES;
				CLANG_WARN_DIRECT_OBJC_ISA_USAGE = YES_ERROR;
				CLANG_WARN_DOCUMENTATION_COMMENTS = YES;
				CLANG_WARN_EMPTY_BODY = YES;
				CLANG_WARN_ENUM_CONVERSION = YES;
				CLANG_WARN_INFINITE_RECURSION = YES;
				CLANG_WARN_INT_CONVERSION = YES;
				CLANG_WARN_NON_LITERAL_NULL_CONVERSION = YES;
				CLANG_WARN_OBJC_IMPLICIT_RETAIN_SELF = YES;
				CLANG_WARN_OBJC_LITERAL_CONVERSION = YES;
				CLANG_WARN_OBJC_ROOT_CLASS = YES_ERROR;
				CLANG_WARN_QUOTED_INCLUDE_IN_FRAMEWORK_HEADER = YES;
				CLANG_WARN_RANGE_LOOP_ANALYSIS = YES;
				CLANG_WARN_STRICT_PROTOTYPES = YES;
				CLANG_WARN_SUSPICIOUS_MOVE = YES;
				CLANG_WARN_UNGUARDED_AVAILABILITY = YES_AGGRESSIVE;
				CLANG_WARN_UNREACHABLE_CODE = YES;
				CLANG_WARN__DUPLICATE_METHOD_MATCH = YES;
				COPY_PHASE_STRIP = NO;
				DEBUG_INFORMATION_FORMAT = "dwarf-with-dsym";
				ENABLE_NS_ASSERTIONS = NO;
				ENABLE_STRICT_OBJC_MSGSEND = YES;
				ENABLE_USER_SCRIPT_SANDBOXING = YES;
				GCC_C_LANGUAGE_STANDARD = gnu17;
				GCC_NO_COMMON_BLOCKS = YES;
				GCC_WARN_64_TO_32_BIT_CONVERSION = YES;
				GCC_WARN_ABOUT_RETURN_TYPE = YES_ERROR;
				GCC_WARN_UNDECLARED_SELECTOR = YES;
				GCC_WARN_UNINITIALIZED_AUTOS = YES_AGGRESSIVE;
				GCC_WARN_UNUSED_FUNCTION = YES;
				GCC_WARN_UNUSED_VARIABLE = YES;
				LOCALIZATION_PREFERS_STRING_CATALOGS = YES;
				MACOSX_DEPLOYMENT_TARGET = 14.0;
				MTL_ENABLE_DEBUG_INFO = NO;
				MTL_FAST_MATH = YES;
				SDKROOT = macosx;
				SWIFT_COMPILATION_MODE = wholemodule;
			};
			name = Release;
		};
		8CBA37E82B026C1200A9CE88 /* Debug */ = {
			isa = XCBuildConfiguration;
			buildSettings = {
				ASSETCATALOG_COMPILER_APPICON_NAME = AppIcon;
				ASSETCATALOG_COMPILER_GLOBAL_ACCENT_COLOR_NAME = AccentColor;
				CODE_SIGN_ENTITLEMENTS = "Code Playgrounds/Code_Playgrounds.entitlements";
				CODE_SIGN_STYLE = Automatic;
				COMBINE_HIDPI_IMAGES = YES;
				CURRENT_PROJECT_VERSION = 1;
				DEVELOPMENT_ASSET_PATHS = "\"Code Playgrounds/Preview Content\"";
				DEVELOPMENT_TEAM = V3975JUUGJ;
				ENABLE_HARDENED_RUNTIME = YES;
				ENABLE_PREVIEWS = YES;
				GENERATE_INFOPLIST_FILE = YES;
				INFOPLIST_KEY_CFBundleDisplayName = "Code Playgrounds";
				INFOPLIST_KEY_LSApplicationCategoryType = "public.app-category.utilities";
				INFOPLIST_KEY_NSHumanReadableCopyright = "";
				LD_RUNPATH_SEARCH_PATHS = (
					"$(inherited)",
					"@executable_path/../Frameworks",
				);
				MARKETING_VERSION = 1.0;
				PRODUCT_BUNDLE_IDENTIFIER = "com.sumukhprasad.Code-Playgrounds";
				PRODUCT_NAME = "$(TARGET_NAME)";
				SWIFT_EMIT_LOC_STRINGS = YES;
				SWIFT_VERSION = 5.0;
			};
			name = Debug;
		};
		8CBA37E92B026C1200A9CE88 /* Release */ = {
			isa = XCBuildConfiguration;
			buildSettings = {
				ASSETCATALOG_COMPILER_APPICON_NAME = AppIcon;
				ASSETCATALOG_COMPILER_GLOBAL_ACCENT_COLOR_NAME = AccentColor;
				CODE_SIGN_ENTITLEMENTS = "Code Playgrounds/Code_Playgrounds.entitlements";
				CODE_SIGN_STYLE = Automatic;
				COMBINE_HIDPI_IMAGES = YES;
				CURRENT_PROJECT_VERSION = 1;
				DEVELOPMENT_ASSET_PATHS = "\"Code Playgrounds/Preview Content\"";
				DEVELOPMENT_TEAM = V3975JUUGJ;
				ENABLE_HARDENED_RUNTIME = YES;
				ENABLE_PREVIEWS = YES;
				GENERATE_INFOPLIST_FILE = YES;
				INFOPLIST_KEY_CFBundleDisplayName = "Code Playgrounds";
				INFOPLIST_KEY_LSApplicationCategoryType = "public.app-category.utilities";
				INFOPLIST_KEY_NSHumanReadableCopyright = "";
				LD_RUNPATH_SEARCH_PATHS = (
					"$(inherited)",
					"@executable_path/../Frameworks",
				);
				MARKETING_VERSION = 1.0;
				PRODUCT_BUNDLE_IDENTIFIER = "com.sumukhprasad.Code-Playgrounds";
				PRODUCT_NAME = "$(TARGET_NAME)";
				SWIFT_EMIT_LOC_STRINGS = YES;
				SWIFT_VERSION = 5.0;
			};
			name = Release;
		};
		8CBA37EB2B026C1200A9CE88 /* Debug */ = {
			isa = XCBuildConfiguration;
			buildSettings = {
				ALWAYS_EMBED_SWIFT_STANDARD_LIBRARIES = YES;
				BUNDLE_LOADER = "$(TEST_HOST)";
				CODE_SIGN_STYLE = Automatic;
				CURRENT_PROJECT_VERSION = 1;
				DEVELOPMENT_TEAM = V3975JUUGJ;
				GENERATE_INFOPLIST_FILE = YES;
				MACOSX_DEPLOYMENT_TARGET = 14.0;
				MARKETING_VERSION = 1.0;
				PRODUCT_BUNDLE_IDENTIFIER = "com.sumukhprasad.Code-PlaygroundsTests";
				PRODUCT_NAME = "$(TARGET_NAME)";
				SWIFT_EMIT_LOC_STRINGS = NO;
				SWIFT_VERSION = 5.0;
				TEST_HOST = "$(BUILT_PRODUCTS_DIR)/Code Playgrounds.app/$(BUNDLE_EXECUTABLE_FOLDER_PATH)/Code Playgrounds";
			};
			name = Debug;
		};
		8CBA37EC2B026C1200A9CE88 /* Release */ = {
			isa = XCBuildConfiguration;
			buildSettings = {
				ALWAYS_EMBED_SWIFT_STANDARD_LIBRARIES = YES;
				BUNDLE_LOADER = "$(TEST_HOST)";
				CODE_SIGN_STYLE = Automatic;
				CURRENT_PROJECT_VERSION = 1;
				DEVELOPMENT_TEAM = V3975JUUGJ;
				GENERATE_INFOPLIST_FILE = YES;
				MACOSX_DEPLOYMENT_TARGET = 14.0;
				MARKETING_VERSION = 1.0;
				PRODUCT_BUNDLE_IDENTIFIER = "com.sumukhprasad.Code-PlaygroundsTests";
				PRODUCT_NAME = "$(TARGET_NAME)";
				SWIFT_EMIT_LOC_STRINGS = NO;
				SWIFT_VERSION = 5.0;
				TEST_HOST = "$(BUILT_PRODUCTS_DIR)/Code Playgrounds.app/$(BUNDLE_EXECUTABLE_FOLDER_PATH)/Code Playgrounds";
			};
			name = Release;
		};
		8CBA37EE2B026C1200A9CE88 /* Debug */ = {
			isa = XCBuildConfiguration;
			buildSettings = {
				ALWAYS_EMBED_SWIFT_STANDARD_LIBRARIES = YES;
				CODE_SIGN_STYLE = Automatic;
				CURRENT_PROJECT_VERSION = 1;
				DEVELOPMENT_TEAM = V3975JUUGJ;
				GENERATE_INFOPLIST_FILE = YES;
				MARKETING_VERSION = 1.0;
				PRODUCT_BUNDLE_IDENTIFIER = "com.sumukhprasad.Code-PlaygroundsUITests";
				PRODUCT_NAME = "$(TARGET_NAME)";
				SWIFT_EMIT_LOC_STRINGS = NO;
				SWIFT_VERSION = 5.0;
				TEST_TARGET_NAME = "Code Playgrounds";
			};
			name = Debug;
		};
		8CBA37EF2B026C1200A9CE88 /* Release */ = {
			isa = XCBuildConfiguration;
			buildSettings = {
				ALWAYS_EMBED_SWIFT_STANDARD_LIBRARIES = YES;
				CODE_SIGN_STYLE = Automatic;
				CURRENT_PROJECT_VERSION = 1;
				DEVELOPMENT_TEAM = V3975JUUGJ;
				GENERATE_INFOPLIST_FILE = YES;
				MARKETING_VERSION = 1.0;
				PRODUCT_BUNDLE_IDENTIFIER = "com.sumukhprasad.Code-PlaygroundsUITests";
				PRODUCT_NAME = "$(TARGET_NAME)";
				SWIFT_EMIT_LOC_STRINGS = NO;
				SWIFT_VERSION = 5.0;
				TEST_TARGET_NAME = "Code Playgrounds";
			};
			name = Release;
		};
/* End XCBuildConfiguration section */

/* Begin XCConfigurationList section */
		8CBA37BD2B026C1000A9CE88 /* Build configuration list for PBXProject "Code Playgrounds" */ = {
			isa = XCConfigurationList;
			buildConfigurations = (
				8CBA37E52B026C1200A9CE88 /* Debug */,
				8CBA37E62B026C1200A9CE88 /* Release */,
			);
			defaultConfigurationIsVisible = 0;
			defaultConfigurationName = Release;
		};
		8CBA37E72B026C1200A9CE88 /* Build configuration list for PBXNativeTarget "Code Playgrounds" */ = {
			isa = XCConfigurationList;
			buildConfigurations = (
				8CBA37E82B026C1200A9CE88 /* Debug */,
				8CBA37E92B026C1200A9CE88 /* Release */,
			);
			defaultConfigurationIsVisible = 0;
			defaultConfigurationName = Release;
		};
		8CBA37EA2B026C1200A9CE88 /* Build configuration list for PBXNativeTarget "Code PlaygroundsTests" */ = {
			isa = XCConfigurationList;
			buildConfigurations = (
				8CBA37EB2B026C1200A9CE88 /* Debug */,
				8CBA37EC2B026C1200A9CE88 /* Release */,
			);
			defaultConfigurationIsVisible = 0;
			defaultConfigurationName = Release;
		};
		8CBA37ED2B026C1200A9CE88 /* Build configuration list for PBXNativeTarget "Code PlaygroundsUITests" */ = {
			isa = XCConfigurationList;
			buildConfigurations = (
				8CBA37EE2B026C1200A9CE88 /* Debug */,
				8CBA37EF2B026C1200A9CE88 /* Release */,
			);
			defaultConfigurationIsVisible = 0;
			defaultConfigurationName = Release;
		};
/* End XCConfigurationList section */

/* Begin XCRemoteSwiftPackageReference section */
		8C870E242B033CCA00140FFA /* XCRemoteSwiftPackageReference "CodeEditor" */ = {
			isa = XCRemoteSwiftPackageReference;
			repositoryURL = "https://github.com/ZeeZide/CodeEditor.git";
			requirement = {
				kind = upToNextMajorVersion;
				minimumVersion = 1.2.2;
			};
		};
/* End XCRemoteSwiftPackageReference section */

/* Begin XCSwiftPackageProductDependency section */
		8C870E252B033CCB00140FFA /* CodeEditor */ = {
			isa = XCSwiftPackageProductDependency;
			package = 8C870E242B033CCA00140FFA /* XCRemoteSwiftPackageReference "CodeEditor" */;
			productName = CodeEditor;
		};
/* End XCSwiftPackageProductDependency section */
	};
	rootObject = 8CBA37BA2B026C1000A9CE88 /* Project object */;
}
